// !$*UTF8*$!
{
	archiveVersion = 1;
	classes = {
	};
	objectVersion = 46;
	objects = {

/* Begin PBXBuildFile section */
		44E317651D178D5C00D4F7D5 /* main.m in Sources */ = {isa = PBXBuildFile; fileRef = 44E317641D178D5C00D4F7D5 /* main.m */; };
		44E317681D178D5C00D4F7D5 /* AppDelegate.m in Sources */ = {isa = PBXBuildFile; fileRef = 44E317671D178D5C00D4F7D5 /* AppDelegate.m */; };
		44E317701D178D5C00D4F7D5 /* Assets.xcassets in Resources */ = {isa = PBXBuildFile; fileRef = 44E3176F1D178D5C00D4F7D5 /* Assets.xcassets */; };
		44E317731D178D5C00D4F7D5 /* LaunchScreen.storyboard in Resources */ = {isa = PBXBuildFile; fileRef = 44E317711D178D5C00D4F7D5 /* LaunchScreen.storyboard */; };
		44E3177C1D17B9A700D4F7D5 /* TWViewController.m in Sources */ = {isa = PBXBuildFile; fileRef = 44E3177B1D17B9A700D4F7D5 /* TWViewController.m */; };
/* End PBXBuildFile section */

/* Begin PBXFileReference section */
		44E317601D178D5C00D4F7D5 /* TWBitCalculator.app */ = {isa = PBXFileReference; explicitFileType = wrapper.application; includeInIndex = 0; path = TWBitCalculator.app; sourceTree = BUILT_PRODUCTS_DIR; };
		44E317641D178D5C00D4F7D5 /* main.m */ = {isa = PBXFileReference; lastKnownFileType = sourcecode.c.objc; path = main.m; sourceTree = "<group>"; };
		44E317661D178D5C00D4F7D5 /* AppDelegate.h */ = {isa = PBXFileReference; lastKnownFileType = sourcecode.c.h; path = AppDelegate.h; sourceTree = "<group>"; };
		44E317671D178D5C00D4F7D5 /* AppDelegate.m */ = {isa = PBXFileReference; lastKnownFileType = sourcecode.c.objc; path = AppDelegate.m; sourceTree = "<group>"; };
		44E3176F1D178D5C00D4F7D5 /* Assets.xcassets */ = {isa = PBXFileReference; lastKnownFileType = folder.assetcatalog; path = Assets.xcassets; sourceTree = "<group>"; };
		44E317721D178D5C00D4F7D5 /* Base */ = {isa = PBXFileReference; lastKnownFileType = file.storyboard; name = Base; path = Base.lproj/LaunchScreen.storyboard; sourceTree = "<group>"; };
		44E317741D178D5C00D4F7D5 /* Info.plist */ = {isa = PBXFileReference; lastKnownFileType = text.plist.xml; path = Info.plist; sourceTree = "<group>"; };
		44E3177A1D17B9A700D4F7D5 /* TWViewController.h */ = {isa = PBXFileReference; fileEncoding = 4; lastKnownFileType = sourcecode.c.h; path = TWViewController.h; sourceTree = "<group>"; };
		44E3177B1D17B9A700D4F7D5 /* TWViewController.m */ = {isa = PBXFileReference; fileEncoding = 4; lastKnownFileType = sourcecode.c.objc; path = TWViewController.m; sourceTree = "<group>"; };
/* End PBXFileReference section */

/* Begin PBXFrameworksBuildPhase section */
		44E3175D1D178D5C00D4F7D5 /* Frameworks */ = {
			isa = PBXFrameworksBuildPhase;
			buildActionMask = 2147483647;
			files = (
			);
			runOnlyForDeploymentPostprocessing = 0;
		};
/* End PBXFrameworksBuildPhase section */

/* Begin PBXGroup section */
		44E317571D178D5C00D4F7D5 = {
			isa = PBXGroup;
			children = (
				44E317621D178D5C00D4F7D5 /* TWBitCalculator */,
				44E317611D178D5C00D4F7D5 /* Products */,
			);
			sourceTree = "<group>";
		};
		44E317611D178D5C00D4F7D5 /* Products */ = {
			isa = PBXGroup;
			children = (
				44E317601D178D5C00D4F7D5 /* TWBitCalculator.app */,
			);
			name = Products;
			sourceTree = "<group>";
		};
		44E317621D178D5C00D4F7D5 /* TWBitCalculator */ = {
			isa = PBXGroup;
			children = (
				44E317661D178D5C00D4F7D5 /* AppDelegate.h */,
				44E317671D178D5C00D4F7D5 /* AppDelegate.m */,
				44E3177A1D17B9A700D4F7D5 /* TWViewController.h */,
				44E3177B1D17B9A700D4F7D5 /* TWViewController.m */,
				44E3176F1D178D5C00D4F7D5 /* Assets.xcassets */,
				44E317711D178D5C00D4F7D5 /* LaunchScreen.storyboard */,
				44E317741D178D5C00D4F7D5 /* Info.plist */,
				44E317631D178D5C00D4F7D5 /* Supporting Files */,
			);
			path = TWBitCalculator;
			sourceTree = "<group>";
		};
		44E317631D178D5C00D4F7D5 /* Supporting Files */ = {
			isa = PBXGroup;
			children = (
				44E317641D178D5C00D4F7D5 /* main.m */,
			);
			name = "Supporting Files";
			sourceTree = "<group>";
		};
/* End PBXGroup section */

/* Begin PBXNativeTarget section */
		44E3175F1D178D5C00D4F7D5 /* TWBitCalculator */ = {
			isa = PBXNativeTarget;
			buildConfigurationList = 44E317771D178D5C00D4F7D5 /* Build configuration list for PBXNativeTarget "TWBitCalculator" */;
			buildPhases = (
				44E3175C1D178D5C00D4F7D5 /* Sources */,
				44E3175D1D178D5C00D4F7D5 /* Frameworks */,
				44E3175E1D178D5C00D4F7D5 /* Resources */,
			);
			buildRules = (
			);
			dependencies = (
			);
			name = TWBitCalculator;
			productName = TWBitCalculator;
			productReference = 44E317601D178D5C00D4F7D5 /* TWBitCalculator.app */;
			productType = "com.apple.product-type.application";
		};
/* End PBXNativeTarget section */

/* Begin PBXProject section */
		44E317581D178D5C00D4F7D5 /* Project object */ = {
			isa = PBXProject;
			attributes = {
				CLASSPREFIX = TW;
				LastUpgradeCheck = 0730;
				ORGANIZATIONNAME = TooWalker;
				TargetAttributes = {
					44E3175F1D178D5C00D4F7D5 = {
						CreatedOnToolsVersion = 7.3;
					};
				};
			};
			buildConfigurationList = 44E3175B1D178D5C00D4F7D5 /* Build configuration list for PBXProject "TWBitCalculator" */;
			compatibilityVersion = "Xcode 3.2";
			developmentRegion = English;
			hasScannedForEncodings = 0;
			knownRegions = (
				en,
				Base,
			);
			mainGroup = 44E317571D178D5C00D4F7D5;
			productRefGroup = 44E317611D178D5C00D4F7D5 /* Products */;
			projectDirPath = "";
			projectRoot = "";
			targets = (
				44E3175F1D178D5C00D4F7D5 /* TWBitCalculator */,
			);
		};
/* End PBXProject section */

/* Begin PBXResourcesBuildPhase section */
		44E3175E1D178D5C00D4F7D5 /* Resources */ = {
			isa = PBXResourcesBuildPhase;
			buildActionMask = 2147483647;
			files = (
				44E317731D178D5C00D4F7D5 /* LaunchScreen.storyboard in Resources */,
				44E317701D178D5C00D4F7D5 /* Assets.xcassets in Resources */,
			);
			runOnlyForDeploymentPostprocessing = 0;
		};
/* End PBXResourcesBuildPhase section */

/* Begin PBXSourcesBuildPhase section */
		44E3175C1D178D5C00D4F7D5 /* Sources */ = {
			isa = PBXSourcesBuildPhase;
			buildActionMask = 2147483647;
			files = (
				44E317681D178D5C00D4F7D5 /* AppDelegate.m in Sources */,
				44E317651D178D5C00D4F7D5 /* main.m in Sources */,
				44E3177C1D17B9A700D4F7D5 /* TWViewController.m in Sources */,
			);
			runOnlyForDeploymentPostprocessing = 0;
		};
/* End PBXSourcesBuildPhase section */

/* Begin PBXVariantGroup section */
		44E317711D178D5C00D4F7D5 /* LaunchScreen.storyboard */ = {
			isa = PBXVariantGroup;
			children = (
				44E317721D178D5C00D4F7D5 /* Base */,
			);
			name = LaunchScreen.storyboard;
			sourceTree = "<group>";
		};
/* End PBXVariantGroup section */

/* Begin XCBuildConfiguration section */
		44E317751D178D5C00D4F7D5 /* Debug */ = {
			isa = XCBuildConfiguration;
			buildSettings = {
				ALWAYS_SEARCH_USER_PATHS = NO;
				CLANG_ANALYZER_NONNULL = YES;
				CLANG_CXX_LANGUAGE_STANDARD = "gnu++0x";
				CLANG_CXX_LIBRARY = "libc++";
				CLANG_ENABLE_MODULES = YES;
				CLANG_ENABLE_OBJC_ARC = YES;
				CLANG_WARN_BOOL_CONVERSION = YES;
				CLANG_WARN_CONSTANT_CONVERSION = YES;
				CLANG_WARN_DIRECT_OBJC_ISA_USAGE = YES_ERROR;
				CLANG_WARN_EMPTY_BODY = YES;
				CLANG_WARN_ENUM_CONVERSION = YES;
				CLANG_WARN_INT_CONVERSION = YES;
				CLANG_WARN_OBJC_ROOT_CLASS = YES_ERROR;
				CLANG_WARN_UNREACHABLE_CODE = YES;
				CLANG_WARN__DUPLICATE_METHOD_MATCH = YES;
				"CODE_SIGN_IDENTITY[sdk=iphoneos*]" = "iPhone Developer";
				COPY_PHASE_STRIP = NO;
				DEBUG_INFORMATION_FORMAT = dwarf;
				ENABLE_STRICT_OBJC_MSGSEND = YES;
				ENABLE_TESTABILITY = YES;
				GCC_C_LANGUAGE_STANDARD = gnu99;
				GCC_DYNAMIC_NO_PIC = NO;
				GCC_NO_COMMON_BLOCKS = YES;
				GCC_OPTIMIZATION_LEVEL = 0;
				GCC_PREPROCESSOR_DEFINITIONS = (
					"DEBUG=1",
					"$(inherited)",
				);
				GCC_WARN_64_TO_32_BIT_CONVERSION = YES;
				GCC_WARN_ABOUT_RETURN_TYPE = YES_ERROR;
				GCC_WARN_UNDECLARED_SELECTOR = YES;
				GCC_WARN_UNINITIALIZED_AUTOS = YES_AGGRESSIVE;
				GCC_WARN_UNUSED_FUNCTION = YES;
				GCC_WARN_UNUSED_VARIABLE = YES;
				IPHONEOS_DEPLOYMENT_TARGET = 9.3;
				MTL_ENABLE_DEBUG_INFO = YES;
				ONLY_ACTIVE_ARCH = YES;
				SDKROOT = iphoneos;
			};
			name = Debug;
		};
		44E317761D178D5C00D4F7D5 /* Release */ = {
			isa = XCBuildConfiguration;
			buildSettings = {
				ALWAYS_SEARCH_USER_PATHS = NO;
				CLANG_ANALYZER_NONNULL = YES;
				CLANG_CXX_LANGUAGE_STANDARD = "gnu++0x";
				CLANG_CXX_LIBRARY = "libc++";
				CLANG_ENABLE_MODULES = YES;
				CLANG_ENABLE_OBJC_ARC = YES;
				CLANG_WARN_BOOL_CONVERSION = YES;
				CLANG_WARN_CONSTANT_CONVERSION = YES;
				CLANG_WARN_DIRECT_OBJC_ISA_USAGE = YES_ERROR;
				CLANG_WARN_EMPTY_BODY = YES;
				CLANG_WARN_ENUM_CONVERSION = YES;
				CLANG_WARN_INT_CONVERSION = YES;
				CLANG_WARN_OBJC_ROOT_CLASS = YES_ERROR;
				CLANG_WARN_UNREACHABLE_CODE = YES;
				CLANG_WARN__DUPLICATE_METHOD_MATCH = YES;
				"CODE_SIGN_IDENTITY[sdk=iphoneos*]" = "iPhone Developer";
				COPY_PHASE_STRIP = NO;
				DEBUG_INFORMATION_FORMAT = "dwarf-with-dsym";
				ENABLE_NS_ASSERTIONS = NO;
				ENABLE_STRICT_OBJC_MSGSEND = YES;
				GCC_C_LANGUAGE_STANDARD = gnu99;
				GCC_NO_COMMON_BLOCKS = YES;
				GCC_WARN_64_TO_32_BIT_CONVERSION = YES;
				GCC_WARN_ABOUT_RETURN_TYPE = YES_ERROR;
				GCC_WARN_UNDECLARED_SELECTOR = YES;
				GCC_WARN_UNINITIALIZED_AUTOS = YES_AGGRESSIVE;
				GCC_WARN_UNUSED_FUNCTION = YES;
				GCC_WARN_UNUSED_VARIABLE = YES;
				IPHONEOS_DEPLOYMENT_TARGET = 9.3;
				MTL_ENABLE_DEBUG_INFO = NO;
				SDKROOT = iphoneos;
				VALIDATE_PRODUCT = YES;
			};
			name = Release;
		};
		44E317781D178D5C00D4F7D5 /* Debug */ = {
			isa = XCBuildConfiguration;
			buildSettings = {
				ASSETCATALOG_COMPILER_APPICON_NAME = AppIcon;
				INFOPLIST_FILE = TWBitCalculator/Info.plist;
				IPHONEOS_DEPLOYMENT_TARGET = 7.0;
				LD_RUNPATH_SEARCH_PATHS = "$(inherited) @executable_path/Frameworks";
				PRODUCT_BUNDLE_IDENTIFIER = TooWalker.TWBitCalculator;
				PRODUCT_NAME = "$(TARGET_NAME)";
			};
			name = Debug;
		};
		44E317791D178D5C00D4F7D5 /* Release */ = {
			isa = XCBuildConfiguration;
			buildSettings = {
				ASSETCATALOG_COMPILER_APPICON_NAME = AppIcon;
				INFOPLIST_FILE = TWBitCalculator/Info.plist;
				IPHONEOS_DEPLOYMENT_TARGET = 7.0;
				LD_RUNPATH_SEARCH_PATHS = "$(inherited) @executable_path/Frameworks";
				PRODUCT_BUNDLE_IDENTIFIER = TooWalker.TWBitCalculator;
				PRODUCT_NAME = "$(TARGET_NAME)";
			};
			name = Release;
		};
/* End XCBuildConfiguration section */

/* Begin XCConfigurationList section */
		44E3175B1D178D5C00D4F7D5 /* Build configuration list for PBXProject "TWBitCalculator" */ = {
			isa = XCConfigurationList;
			buildConfigurations = (
				44E317751D178D5C00D4F7D5 /* Debug */,
				44E317761D178D5C00D4F7D5 /* Release */,
			);
			defaultConfigurationIsVisible = 0;
			defaultConfigurationName = Release;
		};
		44E317771D178D5C00D4F7D5 /* Build configuration list for PBXNativeTarget "TWBitCalculator" */ = {
			isa = XCConfigurationList;
			buildConfigurations = (
				44E317781D178D5C00D4F7D5 /* Debug */,
				44E317791D178D5C00D4F7D5 /* Release */,
			);
			defaultConfigurationIsVisible = 0;
		};
/* End XCConfigurationList section */
	};
	rootObject = 44E317581D178D5C00D4F7D5 /* Project object */;
}
